
Microsoft Visual Studio Solution File, Format Version 12.00
# Visual Studio Version 17
VisualStudioVersion = 17.4.33213.308
MinimumVisualStudioVersion = 10.0.40219.1
Project("{9A19103F-16F7-4668-BE54-9A1E7A4F7556}") = "kayaadmin", "kayaadmin.csproj", "{64FD321E-7315-48DD-864E-0AF7040AD88A}"
EndProject
Global
	GlobalSection(SolutionConfigurationPlatforms) = preSolution
		Debug|Any CPU = Debug|Any CPU
		Release|Any CPU = Release|Any CPU
	EndGlobalSection
	GlobalSection(ProjectConfigurationPlatforms) = postSolution
		{64FD321E-7315-48DD-864E-0AF7040AD88A}.Debug|Any CPU.ActiveCfg = Debug|Any CPU
		{64FD321E-7315-48DD-864E-0AF7040AD88A}.Debug|Any CPU.Build.0 = Debug|Any CPU
		{64FD321E-7315-48DD-864E-0AF7040AD88A}.Release|Any CPU.ActiveCfg = Release|Any CPU
		{64FD321E-7315-48DD-864E-0AF7040AD88A}.Release|Any CPU.Build.0 = Release|Any CPU
	EndGlobalSection
	GlobalSection(SolutionProperties) = preSolution
		HideSolutionNode = FALSE
	EndGlobalSection
	GlobalSection(ExtensibilityGlobals) = postSolution
		SolutionGuid = {0C386BEA-5FD5-4469-B91F-5585AC31E918}
	EndGlobalSection
EndGlobal
